
Microsoft Visual Studio Solution File, Format Version 12.00
# Visual Studio Version 16
VisualStudioVersion = 16.0.29020.237
MinimumVisualStudioVersion = 10.0.40219.1
Project("{FAE04EC0-301F-11D3-BF4B-00C04F79EFBC}") = "Quiz6Q2", "Quiz6Q2.csproj", "{AD93154C-8DD1-4451-B70A-82893BBAF7EB}"
EndProject
Global
	GlobalSection(SolutionConfigurationPlatforms) = preSolution
		Debug|Any CPU = Debug|Any CPU
		Release|Any CPU = Release|Any CPU
	EndGlobalSection
	GlobalSection(ProjectConfigurationPlatforms) = postSolution
		{AD93154C-8DD1-4451-B70A-82893BBAF7EB}.Debug|Any CPU.ActiveCfg = Debug|Any CPU
		{AD93154C-8DD1-4451-B70A-82893BBAF7EB}.Debug|Any CPU.Build.0 = Debug|Any CPU
		{AD93154C-8DD1-4451-B70A-82893BBAF7EB}.Release|Any CPU.ActiveCfg = Release|Any CPU
		{AD93154C-8DD1-4451-B70A-82893BBAF7EB}.Release|Any CPU.Build.0 = Release|Any CPU
	EndGlobalSection
	GlobalSection(SolutionProperties) = preSolution
		HideSolutionNode = FALSE
	EndGlobalSection
	GlobalSection(ExtensibilityGlobals) = postSolution
		SolutionGuid = {3F06FFC6-3F38-4B0B-A28A-F411369243FC}
	EndGlobalSection
EndGlobal
